// !$*UTF8*$!
{
	archiveVersion = 1;
	classes = {
	};
	objectVersion = 56;
	objects = {

/* Begin PBXBuildFile section */
		48590CC928DD7CF100A6B33D /* VirtualTourist.xcdatamodeld in Sources */ = {isa = PBXBuildFile; fileRef = 48590CC728DD7CF100A6B33D /* VirtualTourist.xcdatamodeld */; };
		48590CCB28DE1BBD00A6B33D /* Pin + Extra.swift in Sources */ = {isa = PBXBuildFile; fileRef = 48590CCA28DE1BBD00A6B33D /* Pin + Extra.swift */; };
		48590CCD28DE1E6400A6B33D /* DataController.swift in Sources */ = {isa = PBXBuildFile; fileRef = 48590CCC28DE1E6400A6B33D /* DataController.swift */; };
		48590CD328E2216F00A6B33D /* FlickrClient.swift in Sources */ = {isa = PBXBuildFile; fileRef = 48590CD228E2216F00A6B33D /* FlickrClient.swift */; };
		48590CD528E2235C00A6B33D /* FlickerResponse.swift in Sources */ = {isa = PBXBuildFile; fileRef = 48590CD428E2235C00A6B33D /* FlickerResponse.swift */; };
		48590CD728E34E4500A6B33D /* ErrorResponse.swift in Sources */ = {isa = PBXBuildFile; fileRef = 48590CD628E34E4500A6B33D /* ErrorResponse.swift */; };
		488635F428DC37AA00D80FFB /* AppDelegate.swift in Sources */ = {isa = PBXBuildFile; fileRef = 488635F328DC37AA00D80FFB /* AppDelegate.swift */; };
		488635F628DC37AA00D80FFB /* SceneDelegate.swift in Sources */ = {isa = PBXBuildFile; fileRef = 488635F528DC37AA00D80FFB /* SceneDelegate.swift */; };
		488635F828DC37AA00D80FFB /* MapView.swift in Sources */ = {isa = PBXBuildFile; fileRef = 488635F728DC37AA00D80FFB /* MapView.swift */; };
		488635FB28DC37AA00D80FFB /* Main.storyboard in Resources */ = {isa = PBXBuildFile; fileRef = 488635F928DC37AA00D80FFB /* Main.storyboard */; };
		488635FD28DC37AA00D80FFB /* Assets.xcassets in Resources */ = {isa = PBXBuildFile; fileRef = 488635FC28DC37AA00D80FFB /* Assets.xcassets */; };
		4886360028DC37AA00D80FFB /* LaunchScreen.storyboard in Resources */ = {isa = PBXBuildFile; fileRef = 488635FE28DC37AA00D80FFB /* LaunchScreen.storyboard */; };
		4886360828DC443C00D80FFB /* CollectionView.swift in Sources */ = {isa = PBXBuildFile; fileRef = 4886360728DC443C00D80FFB /* CollectionView.swift */; };
/* End PBXBuildFile section */

/* Begin PBXFileReference section */
		48590CC828DD7CF100A6B33D /* VirtualTourist.xcdatamodel */ = {isa = PBXFileReference; lastKnownFileType = wrapper.xcdatamodel; path = VirtualTourist.xcdatamodel; sourceTree = "<group>"; };
		48590CCA28DE1BBD00A6B33D /* Pin + Extra.swift */ = {isa = PBXFileReference; lastKnownFileType = sourcecode.swift; path = "Pin + Extra.swift"; sourceTree = "<group>"; };
		48590CCC28DE1E6400A6B33D /* DataController.swift */ = {isa = PBXFileReference; lastKnownFileType = sourcecode.swift; path = DataController.swift; sourceTree = "<group>"; };
		48590CD228E2216F00A6B33D /* FlickrClient.swift */ = {isa = PBXFileReference; lastKnownFileType = sourcecode.swift; path = FlickrClient.swift; sourceTree = "<group>"; };
		48590CD428E2235C00A6B33D /* FlickerResponse.swift */ = {isa = PBXFileReference; lastKnownFileType = sourcecode.swift; path = FlickerResponse.swift; sourceTree = "<group>"; };
		48590CD628E34E4500A6B33D /* ErrorResponse.swift */ = {isa = PBXFileReference; lastKnownFileType = sourcecode.swift; path = ErrorResponse.swift; sourceTree = "<group>"; };
		488635F028DC37AA00D80FFB /* VirtualTourist.app */ = {isa = PBXFileReference; explicitFileType = wrapper.application; includeInIndex = 0; path = VirtualTourist.app; sourceTree = BUILT_PRODUCTS_DIR; };
		488635F328DC37AA00D80FFB /* AppDelegate.swift */ = {isa = PBXFileReference; lastKnownFileType = sourcecode.swift; path = AppDelegate.swift; sourceTree = "<group>"; };
		488635F528DC37AA00D80FFB /* SceneDelegate.swift */ = {isa = PBXFileReference; lastKnownFileType = sourcecode.swift; path = SceneDelegate.swift; sourceTree = "<group>"; };
		488635F728DC37AA00D80FFB /* MapView.swift */ = {isa = PBXFileReference; lastKnownFileType = sourcecode.swift; path = MapView.swift; sourceTree = "<group>"; };
		488635FA28DC37AA00D80FFB /* Base */ = {isa = PBXFileReference; lastKnownFileType = file.storyboard; name = Base; path = Base.lproj/Main.storyboard; sourceTree = "<group>"; };
		488635FC28DC37AA00D80FFB /* Assets.xcassets */ = {isa = PBXFileReference; lastKnownFileType = folder.assetcatalog; path = Assets.xcassets; sourceTree = "<group>"; };
		488635FF28DC37AA00D80FFB /* Base */ = {isa = PBXFileReference; lastKnownFileType = file.storyboard; name = Base; path = Base.lproj/LaunchScreen.storyboard; sourceTree = "<group>"; };
		4886360128DC37AA00D80FFB /* Info.plist */ = {isa = PBXFileReference; lastKnownFileType = text.plist.xml; path = Info.plist; sourceTree = "<group>"; };
		4886360728DC443C00D80FFB /* CollectionView.swift */ = {isa = PBXFileReference; lastKnownFileType = sourcecode.swift; path = CollectionView.swift; sourceTree = "<group>"; };
/* End PBXFileReference section */

/* Begin PBXFrameworksBuildPhase section */
		488635ED28DC37AA00D80FFB /* Frameworks */ = {
			isa = PBXFrameworksBuildPhase;
			buildActionMask = 2147483647;
			files = (
			);
			runOnlyForDeploymentPostprocessing = 0;
		};
/* End PBXFrameworksBuildPhase section */

/* Begin PBXGroup section */
		48590CC628DD7A7800A6B33D /* Model */ = {
			isa = PBXGroup;
			children = (
				48590CD128E1865F00A6B33D /* Data */,
				48590CCE28E1861200A6B33D /* Client */,
				48590CD028E1864600A6B33D /* Responses */,
			);
			path = Model;
			sourceTree = "<group>";
		};
		48590CCE28E1861200A6B33D /* Client */ = {
			isa = PBXGroup;
			children = (
				48590CD228E2216F00A6B33D /* FlickrClient.swift */,
			);
			path = Client;
			sourceTree = "<group>";
		};
		48590CD028E1864600A6B33D /* Responses */ = {
			isa = PBXGroup;
			children = (
				48590CD428E2235C00A6B33D /* FlickerResponse.swift */,
				48590CD628E34E4500A6B33D /* ErrorResponse.swift */,
			);
			path = Responses;
			sourceTree = "<group>";
		};
		48590CD128E1865F00A6B33D /* Data */ = {
			isa = PBXGroup;
			children = (
				48590CC728DD7CF100A6B33D /* VirtualTourist.xcdatamodeld */,
				48590CCA28DE1BBD00A6B33D /* Pin + Extra.swift */,
				48590CCC28DE1E6400A6B33D /* DataController.swift */,
			);
			path = Data;
			sourceTree = "<group>";
		};
		487B3FA628E6070E00C5F7F0 /* View */ = {
			isa = PBXGroup;
			children = (
				488635F928DC37AA00D80FFB /* Main.storyboard */,
				488635FC28DC37AA00D80FFB /* Assets.xcassets */,
				488635FE28DC37AA00D80FFB /* LaunchScreen.storyboard */,
			);
			path = View;
			sourceTree = "<group>";
		};
		488635E728DC37A900D80FFB = {
			isa = PBXGroup;
			children = (
				488635F228DC37AA00D80FFB /* VirtualTourist */,
				488635F128DC37AA00D80FFB /* Products */,
			);
			sourceTree = "<group>";
		};
		488635F128DC37AA00D80FFB /* Products */ = {
			isa = PBXGroup;
			children = (
				488635F028DC37AA00D80FFB /* VirtualTourist.app */,
			);
			name = Products;
			sourceTree = "<group>";
		};
		488635F228DC37AA00D80FFB /* VirtualTourist */ = {
			isa = PBXGroup;
			children = (
				488635F328DC37AA00D80FFB /* AppDelegate.swift */,
				488635F528DC37AA00D80FFB /* SceneDelegate.swift */,
				48590CC628DD7A7800A6B33D /* Model */,
				4886360B28DC44A500D80FFB /* Controller */,
				487B3FA628E6070E00C5F7F0 /* View */,
				4886360128DC37AA00D80FFB /* Info.plist */,
			);
			path = VirtualTourist;
			sourceTree = "<group>";
		};
		4886360B28DC44A500D80FFB /* Controller */ = {
			isa = PBXGroup;
			children = (
				488635F728DC37AA00D80FFB /* MapView.swift */,
				4886360728DC443C00D80FFB /* CollectionView.swift */,
			);
			path = Controller;
			sourceTree = "<group>";
		};
/* End PBXGroup section */

/* Begin PBXNativeTarget section */
		488635EF28DC37AA00D80FFB /* VirtualTourist */ = {
			isa = PBXNativeTarget;
			buildConfigurationList = 4886360428DC37AA00D80FFB /* Build configuration list for PBXNativeTarget "VirtualTourist" */;
			buildPhases = (
				488635EC28DC37AA00D80FFB /* Sources */,
				488635ED28DC37AA00D80FFB /* Frameworks */,
				488635EE28DC37AA00D80FFB /* Resources */,
			);
			buildRules = (
			);
			dependencies = (
			);
			name = VirtualTourist;
			productName = VirtualTourist;
			productReference = 488635F028DC37AA00D80FFB /* VirtualTourist.app */;
			productType = "com.apple.product-type.application";
		};
/* End PBXNativeTarget section */

/* Begin PBXProject section */
		488635E828DC37A900D80FFB /* Project object */ = {
			isa = PBXProject;
			attributes = {
				BuildIndependentTargetsInParallel = 1;
				LastSwiftUpdateCheck = 1400;
				LastUpgradeCheck = 1400;
				TargetAttributes = {
					488635EF28DC37AA00D80FFB = {
						CreatedOnToolsVersion = 14.0;
					};
				};
			};
			buildConfigurationList = 488635EB28DC37A900D80FFB /* Build configuration list for PBXProject "VirtualTourist" */;
			compatibilityVersion = "Xcode 14.0";
			developmentRegion = en;
			hasScannedForEncodings = 0;
			knownRegions = (
				en,
				Base,
			);
			mainGroup = 488635E728DC37A900D80FFB;
			productRefGroup = 488635F128DC37AA00D80FFB /* Products */;
			projectDirPath = "";
			projectRoot = "";
			targets = (
				488635EF28DC37AA00D80FFB /* VirtualTourist */,
			);
		};
/* End PBXProject section */

/* Begin PBXResourcesBuildPhase section */
		488635EE28DC37AA00D80FFB /* Resources */ = {
			isa = PBXResourcesBuildPhase;
			buildActionMask = 2147483647;
			files = (
				4886360028DC37AA00D80FFB /* LaunchScreen.storyboard in Resources */,
				488635FD28DC37AA00D80FFB /* Assets.xcassets in Resources */,
				488635FB28DC37AA00D80FFB /* Main.storyboard in Resources */,
			);
			runOnlyForDeploymentPostprocessing = 0;
		};
/* End PBXResourcesBuildPhase section */

/* Begin PBXSourcesBuildPhase section */
		488635EC28DC37AA00D80FFB /* Sources */ = {
			isa = PBXSourcesBuildPhase;
			buildActionMask = 2147483647;
			files = (
				48590CCD28DE1E6400A6B33D /* DataController.swift in Sources */,
				488635F828DC37AA00D80FFB /* MapView.swift in Sources */,
				48590CC928DD7CF100A6B33D /* VirtualTourist.xcdatamodeld in Sources */,
				48590CCB28DE1BBD00A6B33D /* Pin + Extra.swift in Sources */,
				488635F428DC37AA00D80FFB /* AppDelegate.swift in Sources */,
				48590CD728E34E4500A6B33D /* ErrorResponse.swift in Sources */,
				4886360828DC443C00D80FFB /* CollectionView.swift in Sources */,
				488635F628DC37AA00D80FFB /* SceneDelegate.swift in Sources */,
				48590CD528E2235C00A6B33D /* FlickerResponse.swift in Sources */,
				48590CD328E2216F00A6B33D /* FlickrClient.swift in Sources */,
			);
			runOnlyForDeploymentPostprocessing = 0;
		};
/* End PBXSourcesBuildPhase section */

/* Begin PBXVariantGroup section */
		488635F928DC37AA00D80FFB /* Main.storyboard */ = {
			isa = PBXVariantGroup;
			children = (
				488635FA28DC37AA00D80FFB /* Base */,
			);
			name = Main.storyboard;
			sourceTree = "<group>";
		};
		488635FE28DC37AA00D80FFB /* LaunchScreen.storyboard */ = {
			isa = PBXVariantGroup;
			children = (
				488635FF28DC37AA00D80FFB /* Base */,
			);
			name = LaunchScreen.storyboard;
			sourceTree = "<group>";
		};
/* End PBXVariantGroup section */

/* Begin XCBuildConfiguration section */
		4886360228DC37AA00D80FFB /* Debug */ = {
			isa = XCBuildConfiguration;
			buildSettings = {
				ALWAYS_SEARCH_USER_PATHS = NO;
				CLANG_ANALYZER_NONNULL = YES;
				CLANG_ANALYZER_NUMBER_OBJECT_CONVERSION = YES_AGGRESSIVE;
				CLANG_CXX_LANGUAGE_STANDARD = "gnu++20";
				CLANG_ENABLE_MODULES = YES;
				CLANG_ENABLE_OBJC_ARC = YES;
				CLANG_ENABLE_OBJC_WEAK = YES;
				CLANG_WARN_BLOCK_CAPTURE_AUTORELEASING = YES;
				CLANG_WARN_BOOL_CONVERSION = YES;
				CLANG_WARN_COMMA = YES;
				CLANG_WARN_CONSTANT_CONVERSION = YES;
				CLANG_WARN_DEPRECATED_OBJC_IMPLEMENTATIONS = YES;
				CLANG_WARN_DIRECT_OBJC_ISA_USAGE = YES_ERROR;
				CLANG_WARN_DOCUMENTATION_COMMENTS = YES;
				CLANG_WARN_EMPTY_BODY = YES;
				CLANG_WARN_ENUM_CONVERSION = YES;
				CLANG_WARN_INFINITE_RECURSION = YES;
				CLANG_WARN_INT_CONVERSION = YES;
				CLANG_WARN_NON_LITERAL_NULL_CONVERSION = YES;
				CLANG_WARN_OBJC_IMPLICIT_RETAIN_SELF = YES;
				CLANG_WARN_OBJC_LITERAL_CONVERSION = YES;
				CLANG_WARN_OBJC_ROOT_CLASS = YES_ERROR;
				CLANG_WARN_QUOTED_INCLUDE_IN_FRAMEWORK_HEADER = YES;
				CLANG_WARN_RANGE_LOOP_ANALYSIS = YES;
				CLANG_WARN_STRICT_PROTOTYPES = YES;
				CLANG_WARN_SUSPICIOUS_MOVE = YES;
				CLANG_WARN_UNGUARDED_AVAILABILITY = YES_AGGRESSIVE;
				CLANG_WARN_UNREACHABLE_CODE = YES;
				CLANG_WARN__DUPLICATE_METHOD_MATCH = YES;
				COPY_PHASE_STRIP = NO;
				DEBUG_INFORMATION_FORMAT = dwarf;
				ENABLE_STRICT_OBJC_MSGSEND = YES;
				ENABLE_TESTABILITY = YES;
				GCC_C_LANGUAGE_STANDARD = gnu11;
				GCC_DYNAMIC_NO_PIC = NO;
				GCC_NO_COMMON_BLOCKS = YES;
				GCC_OPTIMIZATION_LEVEL = 0;
				GCC_PREPROCESSOR_DEFINITIONS = (
					"DEBUG=1",
					"$(inherited)",
				);
				GCC_WARN_64_TO_32_BIT_CONVERSION = YES;
				GCC_WARN_ABOUT_RETURN_TYPE = YES_ERROR;
				GCC_WARN_UNDECLARED_SELECTOR = YES;
				GCC_WARN_UNINITIALIZED_AUTOS = YES_AGGRESSIVE;
				GCC_WARN_UNUSED_FUNCTION = YES;
				GCC_WARN_UNUSED_VARIABLE = YES;
				IPHONEOS_DEPLOYMENT_TARGET = 16.0;
				MTL_ENABLE_DEBUG_INFO = INCLUDE_SOURCE;
				MTL_FAST_MATH = YES;
				ONLY_ACTIVE_ARCH = YES;
				SDKROOT = iphoneos;
				SWIFT_ACTIVE_COMPILATION_CONDITIONS = DEBUG;
				SWIFT_OPTIMIZATION_LEVEL = "-Onone";
			};
			name = Debug;
		};
		4886360328DC37AA00D80FFB /* Release */ = {
			isa = XCBuildConfiguration;
			buildSettings = {
				ALWAYS_SEARCH_USER_PATHS = NO;
				CLANG_ANALYZER_NONNULL = YES;
				CLANG_ANALYZER_NUMBER_OBJECT_CONVERSION = YES_AGGRESSIVE;
				CLANG_CXX_LANGUAGE_STANDARD = "gnu++20";
				CLANG_ENABLE_MODULES = YES;
				CLANG_ENABLE_OBJC_ARC = YES;
				CLANG_ENABLE_OBJC_WEAK = YES;
				CLANG_WARN_BLOCK_CAPTURE_AUTORELEASING = YES;
				CLANG_WARN_BOOL_CONVERSION = YES;
				CLANG_WARN_COMMA = YES;
				CLANG_WARN_CONSTANT_CONVERSION = YES;
				CLANG_WARN_DEPRECATED_OBJC_IMPLEMENTATIONS = YES;
				CLANG_WARN_DIRECT_OBJC_ISA_USAGE = YES_ERROR;
				CLANG_WARN_DOCUMENTATION_COMMENTS = YES;
				CLANG_WARN_EMPTY_BODY = YES;
				CLANG_WARN_ENUM_CONVERSION = YES;
				CLANG_WARN_INFINITE_RECURSION = YES;
				CLANG_WARN_INT_CONVERSION = YES;
				CLANG_WARN_NON_LITERAL_NULL_CONVERSION = YES;
				CLANG_WARN_OBJC_IMPLICIT_RETAIN_SELF = YES;
				CLANG_WARN_OBJC_LITERAL_CONVERSION = YES;
				CLANG_WARN_OBJC_ROOT_CLASS = YES_ERROR;
				CLANG_WARN_QUOTED_INCLUDE_IN_FRAMEWORK_HEADER = YES;
				CLANG_WARN_RANGE_LOOP_ANALYSIS = YES;
				CLANG_WARN_STRICT_PROTOTYPES = YES;
				CLANG_WARN_SUSPICIOUS_MOVE = YES;
				CLANG_WARN_UNGUARDED_AVAILABILITY = YES_AGGRESSIVE;
				CLANG_WARN_UNREACHABLE_CODE = YES;
				CLANG_WARN__DUPLICATE_METHOD_MATCH = YES;
				COPY_PHASE_STRIP = NO;
				DEBUG_INFORMATION_FORMAT = "dwarf-with-dsym";
				ENABLE_NS_ASSERTIONS = NO;
				ENABLE_STRICT_OBJC_MSGSEND = YES;
				GCC_C_LANGUAGE_STANDARD = gnu11;
				GCC_NO_COMMON_BLOCKS = YES;
				GCC_WARN_64_TO_32_BIT_CONVERSION = YES;
				GCC_WARN_ABOUT_RETURN_TYPE = YES_ERROR;
				GCC_WARN_UNDECLARED_SELECTOR = YES;
				GCC_WARN_UNINITIALIZED_AUTOS = YES_AGGRESSIVE;
				GCC_WARN_UNUSED_FUNCTION = YES;
				GCC_WARN_UNUSED_VARIABLE = YES;
				IPHONEOS_DEPLOYMENT_TARGET = 16.0;
				MTL_ENABLE_DEBUG_INFO = NO;
				MTL_FAST_MATH = YES;
				SDKROOT = iphoneos;
				SWIFT_COMPILATION_MODE = wholemodule;
				SWIFT_OPTIMIZATION_LEVEL = "-O";
				VALIDATE_PRODUCT = YES;
			};
			name = Release;
		};
		4886360528DC37AA00D80FFB /* Debug */ = {
			isa = XCBuildConfiguration;
			buildSettings = {
				ASSETCATALOG_COMPILER_APPICON_NAME = AppIcon;
				ASSETCATALOG_COMPILER_GLOBAL_ACCENT_COLOR_NAME = AccentColor;
				CODE_SIGN_STYLE = Automatic;
				CURRENT_PROJECT_VERSION = 1;
				DEVELOPMENT_TEAM = VP6G3JFF7Z;
				GENERATE_INFOPLIST_FILE = YES;
				INFOPLIST_FILE = VirtualTourist/Info.plist;
				INFOPLIST_KEY_UIApplicationSupportsIndirectInputEvents = YES;
				INFOPLIST_KEY_UILaunchStoryboardName = LaunchScreen;
				INFOPLIST_KEY_UIMainStoryboardFile = Main;
				INFOPLIST_KEY_UISupportedInterfaceOrientations_iPad = "UIInterfaceOrientationPortrait UIInterfaceOrientationPortraitUpsideDown UIInterfaceOrientationLandscapeLeft UIInterfaceOrientationLandscapeRight";
				INFOPLIST_KEY_UISupportedInterfaceOrientations_iPhone = "UIInterfaceOrientationPortrait UIInterfaceOrientationLandscapeLeft UIInterfaceOrientationLandscapeRight";
				LD_RUNPATH_SEARCH_PATHS = (
					"$(inherited)",
					"@executable_path/Frameworks",
				);
				MARKETING_VERSION = 1.0;
				PRODUCT_BUNDLE_IDENTIFIER = soundOff.VirtualTourist;
				PRODUCT_NAME = "$(TARGET_NAME)";
				SWIFT_EMIT_LOC_STRINGS = YES;
				SWIFT_VERSION = 5.0;
				TARGETED_DEVICE_FAMILY = "1,2";
			};
			name = Debug;
		};
		4886360628DC37AA00D80FFB /* Release */ = {
			isa = XCBuildConfiguration;
			buildSettings = {
				ASSETCATALOG_COMPILER_APPICON_NAME = AppIcon;
				ASSETCATALOG_COMPILER_GLOBAL_ACCENT_COLOR_NAME = AccentColor;
				CODE_SIGN_STYLE = Automatic;
				CURRENT_PROJECT_VERSION = 1;
				DEVELOPMENT_TEAM = VP6G3JFF7Z;
				GENERATE_INFOPLIST_FILE = YES;
				INFOPLIST_FILE = VirtualTourist/Info.plist;
				INFOPLIST_KEY_UIApplicationSupportsIndirectInputEvents = YES;
				INFOPLIST_KEY_UILaunchStoryboardName = LaunchScreen;
				INFOPLIST_KEY_UIMainStoryboardFile = Main;
				INFOPLIST_KEY_UISupportedInterfaceOrientations_iPad = "UIInterfaceOrientationPortrait UIInterfaceOrientationPortraitUpsideDown UIInterfaceOrientationLandscapeLeft UIInterfaceOrientationLandscapeRight";
				INFOPLIST_KEY_UISupportedInterfaceOrientations_iPhone = "UIInterfaceOrientationPortrait UIInterfaceOrientationLandscapeLeft UIInterfaceOrientationLandscapeRight";
				LD_RUNPATH_SEARCH_PATHS = (
					"$(inherited)",
					"@executable_path/Frameworks",
				);
				MARKETING_VERSION = 1.0;
				PRODUCT_BUNDLE_IDENTIFIER = soundOff.VirtualTourist;
				PRODUCT_NAME = "$(TARGET_NAME)";
				SWIFT_EMIT_LOC_STRINGS = YES;
				SWIFT_VERSION = 5.0;
				TARGETED_DEVICE_FAMILY = "1,2";
			};
			name = Release;
		};
/* End XCBuildConfiguration section */

/* Begin XCConfigurationList section */
		488635EB28DC37A900D80FFB /* Build configuration list for PBXProject "VirtualTourist" */ = {
			isa = XCConfigurationList;
			buildConfigurations = (
				4886360228DC37AA00D80FFB /* Debug */,
				4886360328DC37AA00D80FFB /* Release */,
			);
			defaultConfigurationIsVisible = 0;
			defaultConfigurationName = Release;
		};
		4886360428DC37AA00D80FFB /* Build configuration list for PBXNativeTarget "VirtualTourist" */ = {
			isa = XCConfigurationList;
			buildConfigurations = (
				4886360528DC37AA00D80FFB /* Debug */,
				4886360628DC37AA00D80FFB /* Release */,
			);
			defaultConfigurationIsVisible = 0;
			defaultConfigurationName = Release;
		};
/* End XCConfigurationList section */

/* Begin XCVersionGroup section */
		48590CC728DD7CF100A6B33D /* VirtualTourist.xcdatamodeld */ = {
			isa = XCVersionGroup;
			children = (
				48590CC828DD7CF100A6B33D /* VirtualTourist.xcdatamodel */,
			);
			currentVersion = 48590CC828DD7CF100A6B33D /* VirtualTourist.xcdatamodel */;
			path = VirtualTourist.xcdatamodeld;
			sourceTree = "<group>";
			versionGroupType = wrapper.xcdatamodel;
		};
/* End XCVersionGroup section */
	};
	rootObject = 488635E828DC37A900D80FFB /* Project object */;
}
